
Microsoft Visual Studio Solution File, Format Version 12.00
# Visual Studio Version 17
VisualStudioVersion = 17.0.32002.185
MinimumVisualStudioVersion = 10.0.40219.1
Project("{FAE04EC0-301F-11D3-BF4B-00C04F79EFBC}") = "Clasesses", "Clasesses\Clasesses.csproj", "{1BBDC4C6-7DD9-4035-9BED-E8BBEE53559E}"
EndProject
Project("{FAE04EC0-301F-11D3-BF4B-00C04F79EFBC}") = "Interfaces", "Interfaces\Interfaces.csproj", "{2D716286-97A4-45D3-B3C5-14EA498FA49F}"
EndProject
Project("{FAE04EC0-301F-11D3-BF4B-00C04F79EFBC}") = "Inheritance", "Inheritance\Inheritance.csproj", "{C501C15F-412C-4248-95FF-67DF45A7D857}"
EndProject
Project("{FAE04EC0-301F-11D3-BF4B-00C04F79EFBC}") = "AbstratClass", "AbstratClass\AbstratClass.csproj", "{894EB9B1-D06F-4329-970B-F6CA4176003B}"
EndProject
Project("{FAE04EC0-301F-11D3-BF4B-00C04F79EFBC}") = "practices", "practices\practices.csproj", "{759A9810-51DB-430A-A494-24A7FF45D147}"
EndProject
Global
	GlobalSection(SolutionConfigurationPlatforms) = preSolution
		Debug|Any CPU = Debug|Any CPU
		Release|Any CPU = Release|Any CPU
	EndGlobalSection
	GlobalSection(ProjectConfigurationPlatforms) = postSolution
		{1BBDC4C6-7DD9-4035-9BED-E8BBEE53559E}.Debug|Any CPU.ActiveCfg = Debug|Any CPU
		{1BBDC4C6-7DD9-4035-9BED-E8BBEE53559E}.Debug|Any CPU.Build.0 = Debug|Any CPU
		{1BBDC4C6-7DD9-4035-9BED-E8BBEE53559E}.Release|Any CPU.ActiveCfg = Release|Any CPU
		{1BBDC4C6-7DD9-4035-9BED-E8BBEE53559E}.Release|Any CPU.Build.0 = Release|Any CPU
		{2D716286-97A4-45D3-B3C5-14EA498FA49F}.Debug|Any CPU.ActiveCfg = Debug|Any CPU
		{2D716286-97A4-45D3-B3C5-14EA498FA49F}.Debug|Any CPU.Build.0 = Debug|Any CPU
		{2D716286-97A4-45D3-B3C5-14EA498FA49F}.Release|Any CPU.ActiveCfg = Release|Any CPU
		{2D716286-97A4-45D3-B3C5-14EA498FA49F}.Release|Any CPU.Build.0 = Release|Any CPU
		{C501C15F-412C-4248-95FF-67DF45A7D857}.Debug|Any CPU.ActiveCfg = Debug|Any CPU
		{C501C15F-412C-4248-95FF-67DF45A7D857}.Debug|Any CPU.Build.0 = Debug|Any CPU
		{C501C15F-412C-4248-95FF-67DF45A7D857}.Release|Any CPU.ActiveCfg = Release|Any CPU
		{C501C15F-412C-4248-95FF-67DF45A7D857}.Release|Any CPU.Build.0 = Release|Any CPU
		{894EB9B1-D06F-4329-970B-F6CA4176003B}.Debug|Any CPU.ActiveCfg = Debug|Any CPU
		{894EB9B1-D06F-4329-970B-F6CA4176003B}.Debug|Any CPU.Build.0 = Debug|Any CPU
		{894EB9B1-D06F-4329-970B-F6CA4176003B}.Release|Any CPU.ActiveCfg = Release|Any CPU
		{894EB9B1-D06F-4329-970B-F6CA4176003B}.Release|Any CPU.Build.0 = Release|Any CPU
		{759A9810-51DB-430A-A494-24A7FF45D147}.Debug|Any CPU.ActiveCfg = Debug|Any CPU
		{759A9810-51DB-430A-A494-24A7FF45D147}.Debug|Any CPU.Build.0 = Debug|Any CPU
		{759A9810-51DB-430A-A494-24A7FF45D147}.Release|Any CPU.ActiveCfg = Release|Any CPU
		{759A9810-51DB-430A-A494-24A7FF45D147}.Release|Any CPU.Build.0 = Release|Any CPU
	EndGlobalSection
	GlobalSection(SolutionProperties) = preSolution
		HideSolutionNode = FALSE
	EndGlobalSection
	GlobalSection(ExtensibilityGlobals) = postSolution
		SolutionGuid = {FA78FCD8-D403-499C-B477-2F2343BE1133}
	EndGlobalSection
EndGlobal
